# @generated by Move, please check-in and do not edit manually.

[move]
version = 3
manifest_digest = "4062C1BF5006E6763ADE45F1A8F3DBE7B3495A6A64557FE4071439BF98CD86B0"
deps_digest = "F8BBB0CCB2491CA29A3DF03D6F92277A4F3574266507ACD77214D37ECA3F3082"
dependencies = [
  { id = "One", name = "One" },
]

[[move.package]]
id = "MoveStdlib"
source = { git = "https://github.com/one-chain-labs/onechain.git", rev = "main", subdir = "crates/sui-framework/packages/move-stdlib" }

[[move.package]]
id = "One"
source = { git = "https://github.com/one-chain-labs/onechain.git", rev = "main", subdir = "crates/sui-framework/packages/one-framework" }

dependencies = [
  { id = "MoveStdlib", name = "MoveStdlib" },
]

[move.toolchain-version]
compiler-version = "1.1.1"
edition = "2024.beta"
flavor = "one"

[env]

[env.testnet]
chain-id = "1bd5c965"
original-published-id = "0x450695b0f30780685be71d9a5914a9e07c5bbd3c2d6f859ab58114ed33c77bfc"
latest-published-id = "0x450695b0f30780685be71d9a5914a9e07c5bbd3c2d6f859ab58114ed33c77bfc"
published-version = "1"
